
Microsoft Visual Studio Solution File, Format Version 12.00
# Visual Studio Version 17
VisualStudioVersion = 17.4.33213.308
MinimumVisualStudioVersion = 10.0.40219.1
Project("{FAE04EC0-301F-11D3-BF4B-00C04F79EFBC}") = "Lab6", "Lab6\Lab6.csproj", "{330F9576-D523-435C-B71D-72768B7F1C2B}"
EndProject
Global
	GlobalSection(SolutionConfigurationPlatforms) = preSolution
		Debug|Any CPU = Debug|Any CPU
		Release|Any CPU = Release|Any CPU
	EndGlobalSection
	GlobalSection(ProjectConfigurationPlatforms) = postSolution
		{330F9576-D523-435C-B71D-72768B7F1C2B}.Debug|Any CPU.ActiveCfg = Debug|Any CPU
		{330F9576-D523-435C-B71D-72768B7F1C2B}.Debug|Any CPU.Build.0 = Debug|Any CPU
		{330F9576-D523-435C-B71D-72768B7F1C2B}.Release|Any CPU.ActiveCfg = Release|Any CPU
		{330F9576-D523-435C-B71D-72768B7F1C2B}.Release|Any CPU.Build.0 = Release|Any CPU
	EndGlobalSection
	GlobalSection(SolutionProperties) = preSolution
		HideSolutionNode = FALSE
	EndGlobalSection
	GlobalSection(ExtensibilityGlobals) = postSolution
		SolutionGuid = {F6D71D8E-A10C-4774-BD57-DA7F3984D5AA}
	EndGlobalSection
EndGlobal
